// !$*UTF8*$!
{
	archiveVersion = 1;
	classes = {
	};
	objectVersion = 77;
	objects = {

/* Begin PBXBuildFile section */
		9DB1CE2D2D9A4A1200BBB0EB /* Assets.xcassets in Resources */ = {isa = PBXBuildFile; fileRef = 9DB1CE242D9A4A1200BBB0EB /* Assets.xcassets */; };
		9DB1CE2F2D9A4A1200BBB0EB /* LaunchScreen.storyboard in Resources */ = {isa = PBXBuildFile; fileRef = 9DB1CE272D9A4A1200BBB0EB /* LaunchScreen.storyboard */; };
		9DB1CE302D9A4A1200BBB0EB /* Main.storyboard in Resources */ = {isa = PBXBuildFile; fileRef = 9DB1CE292D9A4A1200BBB0EB /* Main.storyboard */; };
		9DB1CE312D9A4A1200BBB0EB /* HSMenuView.swift in Sources */ = {isa = PBXBuildFile; fileRef = 9DB1CE1E2D9A4A1200BBB0EB /* HSMenuView.swift */; };
		9DB1CE322D9A4A1200BBB0EB /* HSMenuModel.swift in Sources */ = {isa = PBXBuildFile; fileRef = 9DB1CE1F2D9A4A1200BBB0EB /* HSMenuModel.swift */; };
		9DB1CE332D9A4A1200BBB0EB /* HSMenuLayer.swift in Sources */ = {isa = PBXBuildFile; fileRef = 9DB1CE202D9A4A1200BBB0EB /* HSMenuLayer.swift */; };
		9DB1CE342D9A4A1200BBB0EB /* HSMenuTableViewCell.swift in Sources */ = {isa = PBXBuildFile; fileRef = 9DB1CE212D9A4A1200BBB0EB /* HSMenuTableViewCell.swift */; };
		9DB1CE352D9A4A1200BBB0EB /* AppDelegate.swift in Sources */ = {isa = PBXBuildFile; fileRef = 9DB1CE232D9A4A1200BBB0EB /* AppDelegate.swift */; };
		9DB1CE362D9A4A1200BBB0EB /* SceneDelegate.swift in Sources */ = {isa = PBXBuildFile; fileRef = 9DB1CE2A2D9A4A1200BBB0EB /* SceneDelegate.swift */; };
		9DB1CE372D9A4A1200BBB0EB /* ViewController.swift in Sources */ = {isa = PBXBuildFile; fileRef = 9DB1CE2B2D9A4A1200BBB0EB /* ViewController.swift */; };
		9DB1CE392D9A4AEC00BBB0EB /* UIView+Round.swift in Sources */ = {isa = PBXBuildFile; fileRef = 9DB1CE382D9A4AEC00BBB0EB /* UIView+Round.swift */; };
		9DB1CE3C2D9A4C7400BBB0EB /* menu_hidden.png in Resources */ = {isa = PBXBuildFile; fileRef = 9DB1CE3A2D9A4C7400BBB0EB /* menu_hidden.png */; };
		9DB1CE3D2D9A4C7400BBB0EB /* menu_show.png in Resources */ = {isa = PBXBuildFile; fileRef = 9DB1CE3B2D9A4C7400BBB0EB /* menu_show.png */; };
		9DB1CE3F2D9A4CDC00BBB0EB /* menu_tick.png in Resources */ = {isa = PBXBuildFile; fileRef = 9DB1CE3E2D9A4CDC00BBB0EB /* menu_tick.png */; };
/* End PBXBuildFile section */

/* Begin PBXContainerItemProxy section */
		9DB1CDF82D9A49D200BBB0EB /* PBXContainerItemProxy */ = {
			isa = PBXContainerItemProxy;
			containerPortal = 9DB1CDD92D9A49CF00BBB0EB /* Project object */;
			proxyType = 1;
			remoteGlobalIDString = 9DB1CDE02D9A49CF00BBB0EB;
			remoteInfo = HSMenuView;
		};
		9DB1CE022D9A49D200BBB0EB /* PBXContainerItemProxy */ = {
			isa = PBXContainerItemProxy;
			containerPortal = 9DB1CDD92D9A49CF00BBB0EB /* Project object */;
			proxyType = 1;
			remoteGlobalIDString = 9DB1CDE02D9A49CF00BBB0EB;
			remoteInfo = HSMenuView;
		};
/* End PBXContainerItemProxy section */

/* Begin PBXFileReference section */
		9DB1CDE12D9A49CF00BBB0EB /* HSMenuView.app */ = {isa = PBXFileReference; explicitFileType = wrapper.application; includeInIndex = 0; path = HSMenuView.app; sourceTree = BUILT_PRODUCTS_DIR; };
		9DB1CDF72D9A49D200BBB0EB /* HSMenuViewTests.xctest */ = {isa = PBXFileReference; explicitFileType = wrapper.cfbundle; includeInIndex = 0; path = HSMenuViewTests.xctest; sourceTree = BUILT_PRODUCTS_DIR; };
		9DB1CE012D9A49D200BBB0EB /* HSMenuViewUITests.xctest */ = {isa = PBXFileReference; explicitFileType = wrapper.cfbundle; includeInIndex = 0; path = HSMenuViewUITests.xctest; sourceTree = BUILT_PRODUCTS_DIR; };
		9DB1CE1E2D9A4A1200BBB0EB /* HSMenuView.swift */ = {isa = PBXFileReference; lastKnownFileType = sourcecode.swift; path = HSMenuView.swift; sourceTree = "<group>"; };
		9DB1CE1F2D9A4A1200BBB0EB /* HSMenuModel.swift */ = {isa = PBXFileReference; lastKnownFileType = sourcecode.swift; path = HSMenuModel.swift; sourceTree = "<group>"; };
		9DB1CE202D9A4A1200BBB0EB /* HSMenuLayer.swift */ = {isa = PBXFileReference; lastKnownFileType = sourcecode.swift; path = HSMenuLayer.swift; sourceTree = "<group>"; };
		9DB1CE212D9A4A1200BBB0EB /* HSMenuTableViewCell.swift */ = {isa = PBXFileReference; lastKnownFileType = sourcecode.swift; path = HSMenuTableViewCell.swift; sourceTree = "<group>"; };
		9DB1CE232D9A4A1200BBB0EB /* AppDelegate.swift */ = {isa = PBXFileReference; lastKnownFileType = sourcecode.swift; path = AppDelegate.swift; sourceTree = "<group>"; };
		9DB1CE242D9A4A1200BBB0EB /* Assets.xcassets */ = {isa = PBXFileReference; lastKnownFileType = folder.assetcatalog; path = Assets.xcassets; sourceTree = "<group>"; };
		9DB1CE252D9A4A1200BBB0EB /* Info.plist */ = {isa = PBXFileReference; lastKnownFileType = text.plist.xml; path = Info.plist; sourceTree = "<group>"; };
		9DB1CE262D9A4A1200BBB0EB /* Base */ = {isa = PBXFileReference; lastKnownFileType = file.storyboard; name = Base; path = Base.lproj/LaunchScreen.storyboard; sourceTree = "<group>"; };
		9DB1CE282D9A4A1200BBB0EB /* Base */ = {isa = PBXFileReference; lastKnownFileType = file.storyboard; name = Base; path = Base.lproj/Main.storyboard; sourceTree = "<group>"; };
		9DB1CE2A2D9A4A1200BBB0EB /* SceneDelegate.swift */ = {isa = PBXFileReference; lastKnownFileType = sourcecode.swift; path = SceneDelegate.swift; sourceTree = "<group>"; };
		9DB1CE2B2D9A4A1200BBB0EB /* ViewController.swift */ = {isa = PBXFileReference; lastKnownFileType = sourcecode.swift; path = ViewController.swift; sourceTree = "<group>"; };
		9DB1CE382D9A4AEC00BBB0EB /* UIView+Round.swift */ = {isa = PBXFileReference; lastKnownFileType = sourcecode.swift; path = "UIView+Round.swift"; sourceTree = "<group>"; };
		9DB1CE3A2D9A4C7400BBB0EB /* menu_hidden.png */ = {isa = PBXFileReference; lastKnownFileType = image.png; path = menu_hidden.png; sourceTree = "<group>"; };
		9DB1CE3B2D9A4C7400BBB0EB /* menu_show.png */ = {isa = PBXFileReference; lastKnownFileType = image.png; path = menu_show.png; sourceTree = "<group>"; };
		9DB1CE3E2D9A4CDC00BBB0EB /* menu_tick.png */ = {isa = PBXFileReference; lastKnownFileType = image.png; path = menu_tick.png; sourceTree = "<group>"; };
/* End PBXFileReference section */

/* Begin PBXFileSystemSynchronizedRootGroup section */
		9DB1CDFA2D9A49D200BBB0EB /* HSMenuViewTests */ = {
			isa = PBXFileSystemSynchronizedRootGroup;
			path = HSMenuViewTests;
			sourceTree = "<group>";
		};
		9DB1CE042D9A49D200BBB0EB /* HSMenuViewUITests */ = {
			isa = PBXFileSystemSynchronizedRootGroup;
			path = HSMenuViewUITests;
			sourceTree = "<group>";
		};
/* End PBXFileSystemSynchronizedRootGroup section */

/* Begin PBXFrameworksBuildPhase section */
		9DB1CDDE2D9A49CF00BBB0EB /* Frameworks */ = {
			isa = PBXFrameworksBuildPhase;
			buildActionMask = 2147483647;
			files = (
			);
			runOnlyForDeploymentPostprocessing = 0;
		};
		9DB1CDF42D9A49D200BBB0EB /* Frameworks */ = {
			isa = PBXFrameworksBuildPhase;
			buildActionMask = 2147483647;
			files = (
			);
			runOnlyForDeploymentPostprocessing = 0;
		};
		9DB1CDFE2D9A49D200BBB0EB /* Frameworks */ = {
			isa = PBXFrameworksBuildPhase;
			buildActionMask = 2147483647;
			files = (
			);
			runOnlyForDeploymentPostprocessing = 0;
		};
/* End PBXFrameworksBuildPhase section */

/* Begin PBXGroup section */
		9DB1CDD82D9A49CF00BBB0EB = {
			isa = PBXGroup;
			children = (
				9DB1CE2C2D9A4A1200BBB0EB /* HSMenuView */,
				9DB1CDFA2D9A49D200BBB0EB /* HSMenuViewTests */,
				9DB1CE042D9A49D200BBB0EB /* HSMenuViewUITests */,
				9DB1CDE22D9A49CF00BBB0EB /* Products */,
			);
			sourceTree = "<group>";
		};
		9DB1CDE22D9A49CF00BBB0EB /* Products */ = {
			isa = PBXGroup;
			children = (
				9DB1CDE12D9A49CF00BBB0EB /* HSMenuView.app */,
				9DB1CDF72D9A49D200BBB0EB /* HSMenuViewTests.xctest */,
				9DB1CE012D9A49D200BBB0EB /* HSMenuViewUITests.xctest */,
			);
			name = Products;
			sourceTree = "<group>";
		};
		9DB1CE222D9A4A1200BBB0EB /* Menu */ = {
			isa = PBXGroup;
			children = (
				9DB1CE3E2D9A4CDC00BBB0EB /* menu_tick.png */,
				9DB1CE3A2D9A4C7400BBB0EB /* menu_hidden.png */,
				9DB1CE3B2D9A4C7400BBB0EB /* menu_show.png */,
				9DB1CE1E2D9A4A1200BBB0EB /* HSMenuView.swift */,
				9DB1CE1F2D9A4A1200BBB0EB /* HSMenuModel.swift */,
				9DB1CE202D9A4A1200BBB0EB /* HSMenuLayer.swift */,
				9DB1CE212D9A4A1200BBB0EB /* HSMenuTableViewCell.swift */,
				9DB1CE382D9A4AEC00BBB0EB /* UIView+Round.swift */,
			);
			path = Menu;
			sourceTree = "<group>";
		};
		9DB1CE2C2D9A4A1200BBB0EB /* HSMenuView */ = {
			isa = PBXGroup;
			children = (
				9DB1CE222D9A4A1200BBB0EB /* Menu */,
				9DB1CE232D9A4A1200BBB0EB /* AppDelegate.swift */,
				9DB1CE242D9A4A1200BBB0EB /* Assets.xcassets */,
				9DB1CE252D9A4A1200BBB0EB /* Info.plist */,
				9DB1CE272D9A4A1200BBB0EB /* LaunchScreen.storyboard */,
				9DB1CE292D9A4A1200BBB0EB /* Main.storyboard */,
				9DB1CE2A2D9A4A1200BBB0EB /* SceneDelegate.swift */,
				9DB1CE2B2D9A4A1200BBB0EB /* ViewController.swift */,
			);
			path = HSMenuView;
			sourceTree = "<group>";
		};
/* End PBXGroup section */

/* Begin PBXNativeTarget section */
		9DB1CDE02D9A49CF00BBB0EB /* HSMenuView */ = {
			isa = PBXNativeTarget;
			buildConfigurationList = 9DB1CE0A2D9A49D200BBB0EB /* Build configuration list for PBXNativeTarget "HSMenuView" */;
			buildPhases = (
				9DB1CDDD2D9A49CF00BBB0EB /* Sources */,
				9DB1CDDE2D9A49CF00BBB0EB /* Frameworks */,
				9DB1CDDF2D9A49CF00BBB0EB /* Resources */,
			);
			buildRules = (
			);
			dependencies = (
			);
			name = HSMenuView;
			packageProductDependencies = (
			);
			productName = HSMenuView;
			productReference = 9DB1CDE12D9A49CF00BBB0EB /* HSMenuView.app */;
			productType = "com.apple.product-type.application";
		};
		9DB1CDF62D9A49D200BBB0EB /* HSMenuViewTests */ = {
			isa = PBXNativeTarget;
			buildConfigurationList = 9DB1CE0F2D9A49D200BBB0EB /* Build configuration list for PBXNativeTarget "HSMenuViewTests" */;
			buildPhases = (
				9DB1CDF32D9A49D200BBB0EB /* Sources */,
				9DB1CDF42D9A49D200BBB0EB /* Frameworks */,
				9DB1CDF52D9A49D200BBB0EB /* Resources */,
			);
			buildRules = (
			);
			dependencies = (
				9DB1CDF92D9A49D200BBB0EB /* PBXTargetDependency */,
			);
			fileSystemSynchronizedGroups = (
				9DB1CDFA2D9A49D200BBB0EB /* HSMenuViewTests */,
			);
			name = HSMenuViewTests;
			packageProductDependencies = (
			);
			productName = HSMenuViewTests;
			productReference = 9DB1CDF72D9A49D200BBB0EB /* HSMenuViewTests.xctest */;
			productType = "com.apple.product-type.bundle.unit-test";
		};
		9DB1CE002D9A49D200BBB0EB /* HSMenuViewUITests */ = {
			isa = PBXNativeTarget;
			buildConfigurationList = 9DB1CE122D9A49D200BBB0EB /* Build configuration list for PBXNativeTarget "HSMenuViewUITests" */;
			buildPhases = (
				9DB1CDFD2D9A49D200BBB0EB /* Sources */,
				9DB1CDFE2D9A49D200BBB0EB /* Frameworks */,
				9DB1CDFF2D9A49D200BBB0EB /* Resources */,
			);
			buildRules = (
			);
			dependencies = (
				9DB1CE032D9A49D200BBB0EB /* PBXTargetDependency */,
			);
			fileSystemSynchronizedGroups = (
				9DB1CE042D9A49D200BBB0EB /* HSMenuViewUITests */,
			);
			name = HSMenuViewUITests;
			packageProductDependencies = (
			);
			productName = HSMenuViewUITests;
			productReference = 9DB1CE012D9A49D200BBB0EB /* HSMenuViewUITests.xctest */;
			productType = "com.apple.product-type.bundle.ui-testing";
		};
/* End PBXNativeTarget section */

/* Begin PBXProject section */
		9DB1CDD92D9A49CF00BBB0EB /* Project object */ = {
			isa = PBXProject;
			attributes = {
				BuildIndependentTargetsInParallel = 1;
				LastSwiftUpdateCheck = 1620;
				LastUpgradeCheck = 1620;
				TargetAttributes = {
					9DB1CDE02D9A49CF00BBB0EB = {
						CreatedOnToolsVersion = 16.2;
					};
					9DB1CDF62D9A49D200BBB0EB = {
						CreatedOnToolsVersion = 16.2;
						TestTargetID = 9DB1CDE02D9A49CF00BBB0EB;
					};
					9DB1CE002D9A49D200BBB0EB = {
						CreatedOnToolsVersion = 16.2;
						TestTargetID = 9DB1CDE02D9A49CF00BBB0EB;
					};
				};
			};
			buildConfigurationList = 9DB1CDDC2D9A49CF00BBB0EB /* Build configuration list for PBXProject "HSMenuView" */;
			developmentRegion = en;
			hasScannedForEncodings = 0;
			knownRegions = (
				en,
				Base,
			);
			mainGroup = 9DB1CDD82D9A49CF00BBB0EB;
			minimizedProjectReferenceProxies = 1;
			preferredProjectObjectVersion = 77;
			productRefGroup = 9DB1CDE22D9A49CF00BBB0EB /* Products */;
			projectDirPath = "";
			projectRoot = "";
			targets = (
				9DB1CDE02D9A49CF00BBB0EB /* HSMenuView */,
				9DB1CDF62D9A49D200BBB0EB /* HSMenuViewTests */,
				9DB1CE002D9A49D200BBB0EB /* HSMenuViewUITests */,
			);
		};
/* End PBXProject section */

/* Begin PBXResourcesBuildPhase section */
		9DB1CDDF2D9A49CF00BBB0EB /* Resources */ = {
			isa = PBXResourcesBuildPhase;
			buildActionMask = 2147483647;
			files = (
				9DB1CE2D2D9A4A1200BBB0EB /* Assets.xcassets in Resources */,
				9DB1CE2F2D9A4A1200BBB0EB /* LaunchScreen.storyboard in Resources */,
				9DB1CE302D9A4A1200BBB0EB /* Main.storyboard in Resources */,
				9DB1CE3C2D9A4C7400BBB0EB /* menu_hidden.png in Resources */,
				9DB1CE3D2D9A4C7400BBB0EB /* menu_show.png in Resources */,
				9DB1CE3F2D9A4CDC00BBB0EB /* menu_tick.png in Resources */,
			);
			runOnlyForDeploymentPostprocessing = 0;
		};
		9DB1CDF52D9A49D200BBB0EB /* Resources */ = {
			isa = PBXResourcesBuildPhase;
			buildActionMask = 2147483647;
			files = (
			);
			runOnlyForDeploymentPostprocessing = 0;
		};
		9DB1CDFF2D9A49D200BBB0EB /* Resources */ = {
			isa = PBXResourcesBuildPhase;
			buildActionMask = 2147483647;
			files = (
			);
			runOnlyForDeploymentPostprocessing = 0;
		};
/* End PBXResourcesBuildPhase section */

/* Begin PBXSourcesBuildPhase section */
		9DB1CDDD2D9A49CF00BBB0EB /* Sources */ = {
			isa = PBXSourcesBuildPhase;
			buildActionMask = 2147483647;
			files = (
				9DB1CE312D9A4A1200BBB0EB /* HSMenuView.swift in Sources */,
				9DB1CE392D9A4AEC00BBB0EB /* UIView+Round.swift in Sources */,
				9DB1CE322D9A4A1200BBB0EB /* HSMenuModel.swift in Sources */,
				9DB1CE332D9A4A1200BBB0EB /* HSMenuLayer.swift in Sources */,
				9DB1CE342D9A4A1200BBB0EB /* HSMenuTableViewCell.swift in Sources */,
				9DB1CE352D9A4A1200BBB0EB /* AppDelegate.swift in Sources */,
				9DB1CE362D9A4A1200BBB0EB /* SceneDelegate.swift in Sources */,
				9DB1CE372D9A4A1200BBB0EB /* ViewController.swift in Sources */,
			);
			runOnlyForDeploymentPostprocessing = 0;
		};
		9DB1CDF32D9A49D200BBB0EB /* Sources */ = {
			isa = PBXSourcesBuildPhase;
			buildActionMask = 2147483647;
			files = (
			);
			runOnlyForDeploymentPostprocessing = 0;
		};
		9DB1CDFD2D9A49D200BBB0EB /* Sources */ = {
			isa = PBXSourcesBuildPhase;
			buildActionMask = 2147483647;
			files = (
			);
			runOnlyForDeploymentPostprocessing = 0;
		};
/* End PBXSourcesBuildPhase section */

/* Begin PBXTargetDependency section */
		9DB1CDF92D9A49D200BBB0EB /* PBXTargetDependency */ = {
			isa = PBXTargetDependency;
			target = 9DB1CDE02D9A49CF00BBB0EB /* HSMenuView */;
			targetProxy = 9DB1CDF82D9A49D200BBB0EB /* PBXContainerItemProxy */;
		};
		9DB1CE032D9A49D200BBB0EB /* PBXTargetDependency */ = {
			isa = PBXTargetDependency;
			target = 9DB1CDE02D9A49CF00BBB0EB /* HSMenuView */;
			targetProxy = 9DB1CE022D9A49D200BBB0EB /* PBXContainerItemProxy */;
		};
/* End PBXTargetDependency section */

/* Begin PBXVariantGroup section */
		9DB1CE272D9A4A1200BBB0EB /* LaunchScreen.storyboard */ = {
			isa = PBXVariantGroup;
			children = (
				9DB1CE262D9A4A1200BBB0EB /* Base */,
			);
			name = LaunchScreen.storyboard;
			sourceTree = "<group>";
		};
		9DB1CE292D9A4A1200BBB0EB /* Main.storyboard */ = {
			isa = PBXVariantGroup;
			children = (
				9DB1CE282D9A4A1200BBB0EB /* Base */,
			);
			name = Main.storyboard;
			sourceTree = "<group>";
		};
/* End PBXVariantGroup section */

/* Begin XCBuildConfiguration section */
		9DB1CE0B2D9A49D200BBB0EB /* Debug */ = {
			isa = XCBuildConfiguration;
			buildSettings = {
				ASSETCATALOG_COMPILER_APPICON_NAME = AppIcon;
				ASSETCATALOG_COMPILER_GLOBAL_ACCENT_COLOR_NAME = AccentColor;
				CODE_SIGN_STYLE = Automatic;
				CURRENT_PROJECT_VERSION = 1.0;
				DEVELOPMENT_TEAM = FHT7Q257ZW;
				GENERATE_INFOPLIST_FILE = YES;
				INFOPLIST_FILE = HSMenuView/Info.plist;
				INFOPLIST_KEY_UIApplicationSupportsIndirectInputEvents = YES;
				INFOPLIST_KEY_UILaunchStoryboardName = LaunchScreen;
				INFOPLIST_KEY_UIMainStoryboardFile = Main;
				INFOPLIST_KEY_UISupportedInterfaceOrientations_iPad = "UIInterfaceOrientationPortrait UIInterfaceOrientationPortraitUpsideDown UIInterfaceOrientationLandscapeLeft UIInterfaceOrientationLandscapeRight";
				INFOPLIST_KEY_UISupportedInterfaceOrientations_iPhone = "UIInterfaceOrientationPortrait UIInterfaceOrientationLandscapeLeft UIInterfaceOrientationLandscapeRight";
				IPHONEOS_DEPLOYMENT_TARGET = 15;
				LD_RUNPATH_SEARCH_PATHS = (
					"$(inherited)",
					"@executable_path/Frameworks",
				);
				MARKETING_VERSION = 1.0.0;
				PRODUCT_BUNDLE_IDENTIFIER = com.menuView.moss;
				PRODUCT_NAME = "$(TARGET_NAME)";
				SWIFT_EMIT_LOC_STRINGS = YES;
				SWIFT_VERSION = 5.0;
				TARGETED_DEVICE_FAMILY = "1,2";
			};
			name = Debug;
		};
		9DB1CE0C2D9A49D200BBB0EB /* Release */ = {
			isa = XCBuildConfiguration;
			buildSettings = {
				ASSETCATALOG_COMPILER_APPICON_NAME = AppIcon;
				ASSETCATALOG_COMPILER_GLOBAL_ACCENT_COLOR_NAME = AccentColor;
				CODE_SIGN_STYLE = Automatic;
				CURRENT_PROJECT_VERSION = 1.0;
				DEVELOPMENT_TEAM = FHT7Q257ZW;
				GENERATE_INFOPLIST_FILE = YES;
				INFOPLIST_FILE = HSMenuView/Info.plist;
				INFOPLIST_KEY_UIApplicationSupportsIndirectInputEvents = YES;
				INFOPLIST_KEY_UILaunchStoryboardName = LaunchScreen;
				INFOPLIST_KEY_UIMainStoryboardFile = Main;
				INFOPLIST_KEY_UISupportedInterfaceOrientations_iPad = "UIInterfaceOrientationPortrait UIInterfaceOrientationPortraitUpsideDown UIInterfaceOrientationLandscapeLeft UIInterfaceOrientationLandscapeRight";
				INFOPLIST_KEY_UISupportedInterfaceOrientations_iPhone = "UIInterfaceOrientationPortrait UIInterfaceOrientationLandscapeLeft UIInterfaceOrientationLandscapeRight";
				IPHONEOS_DEPLOYMENT_TARGET = 15;
				LD_RUNPATH_SEARCH_PATHS = (
					"$(inherited)",
					"@executable_path/Frameworks",
				);
				MARKETING_VERSION = 1.0.0;
				PRODUCT_BUNDLE_IDENTIFIER = com.menuView.moss;
				PRODUCT_NAME = "$(TARGET_NAME)";
				SWIFT_EMIT_LOC_STRINGS = YES;
				SWIFT_VERSION = 5.0;
				TARGETED_DEVICE_FAMILY = "1,2";
			};
			name = Release;
		};
		9DB1CE0D2D9A49D200BBB0EB /* Debug */ = {
			isa = XCBuildConfiguration;
			buildSettings = {
				ALWAYS_SEARCH_USER_PATHS = NO;
				ASSETCATALOG_COMPILER_GENERATE_SWIFT_ASSET_SYMBOL_EXTENSIONS = YES;
				CLANG_ANALYZER_NONNULL = YES;
				CLANG_ANALYZER_NUMBER_OBJECT_CONVERSION = YES_AGGRESSIVE;
				CLANG_CXX_LANGUAGE_STANDARD = "gnu++20";
				CLANG_ENABLE_MODULES = YES;
				CLANG_ENABLE_OBJC_ARC = YES;
				CLANG_ENABLE_OBJC_WEAK = YES;
				CLANG_WARN_BLOCK_CAPTURE_AUTORELEASING = YES;
				CLANG_WARN_BOOL_CONVERSION = YES;
				CLANG_WARN_COMMA = YES;
				CLANG_WARN_CONSTANT_CONVERSION = YES;
				CLANG_WARN_DEPRECATED_OBJC_IMPLEMENTATIONS = YES;
				CLANG_WARN_DIRECT_OBJC_ISA_USAGE = YES_ERROR;
				CLANG_WARN_DOCUMENTATION_COMMENTS = YES;
				CLANG_WARN_EMPTY_BODY = YES;
				CLANG_WARN_ENUM_CONVERSION = YES;
				CLANG_WARN_INFINITE_RECURSION = YES;
				CLANG_WARN_INT_CONVERSION = YES;
				CLANG_WARN_NON_LITERAL_NULL_CONVERSION = YES;
				CLANG_WARN_OBJC_IMPLICIT_RETAIN_SELF = YES;
				CLANG_WARN_OBJC_LITERAL_CONVERSION = YES;
				CLANG_WARN_OBJC_ROOT_CLASS = YES_ERROR;
				CLANG_WARN_QUOTED_INCLUDE_IN_FRAMEWORK_HEADER = YES;
				CLANG_WARN_RANGE_LOOP_ANALYSIS = YES;
				CLANG_WARN_STRICT_PROTOTYPES = YES;
				CLANG_WARN_SUSPICIOUS_MOVE = YES;
				CLANG_WARN_UNGUARDED_AVAILABILITY = YES_AGGRESSIVE;
				CLANG_WARN_UNREACHABLE_CODE = YES;
				CLANG_WARN__DUPLICATE_METHOD_MATCH = YES;
				COPY_PHASE_STRIP = NO;
				DEBUG_INFORMATION_FORMAT = dwarf;
				ENABLE_STRICT_OBJC_MSGSEND = YES;
				ENABLE_TESTABILITY = YES;
				ENABLE_USER_SCRIPT_SANDBOXING = YES;
				GCC_C_LANGUAGE_STANDARD = gnu17;
				GCC_DYNAMIC_NO_PIC = NO;
				GCC_NO_COMMON_BLOCKS = YES;
				GCC_OPTIMIZATION_LEVEL = 0;
				GCC_PREPROCESSOR_DEFINITIONS = (
					"DEBUG=1",
					"$(inherited)",
				);
				GCC_WARN_64_TO_32_BIT_CONVERSION = YES;
				GCC_WARN_ABOUT_RETURN_TYPE = YES_ERROR;
				GCC_WARN_UNDECLARED_SELECTOR = YES;
				GCC_WARN_UNINITIALIZED_AUTOS = YES_AGGRESSIVE;
				GCC_WARN_UNUSED_FUNCTION = YES;
				GCC_WARN_UNUSED_VARIABLE = YES;
				IPHONEOS_DEPLOYMENT_TARGET = 18.2;
				LOCALIZATION_PREFERS_STRING_CATALOGS = YES;
				MTL_ENABLE_DEBUG_INFO = INCLUDE_SOURCE;
				MTL_FAST_MATH = YES;
				ONLY_ACTIVE_ARCH = YES;
				SDKROOT = iphoneos;
				SWIFT_ACTIVE_COMPILATION_CONDITIONS = "DEBUG $(inherited)";
				SWIFT_OPTIMIZATION_LEVEL = "-Onone";
			};
			name = Debug;
		};
		9DB1CE0E2D9A49D200BBB0EB /* Release */ = {
			isa = XCBuildConfiguration;
			buildSettings = {
				ALWAYS_SEARCH_USER_PATHS = NO;
				ASSETCATALOG_COMPILER_GENERATE_SWIFT_ASSET_SYMBOL_EXTENSIONS = YES;
				CLANG_ANALYZER_NONNULL = YES;
				CLANG_ANALYZER_NUMBER_OBJECT_CONVERSION = YES_AGGRESSIVE;
				CLANG_CXX_LANGUAGE_STANDARD = "gnu++20";
				CLANG_ENABLE_MODULES = YES;
				CLANG_ENABLE_OBJC_ARC = YES;
				CLANG_ENABLE_OBJC_WEAK = YES;
				CLANG_WARN_BLOCK_CAPTURE_AUTORELEASING = YES;
				CLANG_WARN_BOOL_CONVERSION = YES;
				CLANG_WARN_COMMA = YES;
				CLANG_WARN_CONSTANT_CONVERSION = YES;
				CLANG_WARN_DEPRECATED_OBJC_IMPLEMENTATIONS = YES;
				CLANG_WARN_DIRECT_OBJC_ISA_USAGE = YES_ERROR;
				CLANG_WARN_DOCUMENTATION_COMMENTS = YES;
				CLANG_WARN_EMPTY_BODY = YES;
				CLANG_WARN_ENUM_CONVERSION = YES;
				CLANG_WARN_INFINITE_RECURSION = YES;
				CLANG_WARN_INT_CONVERSION = YES;
				CLANG_WARN_NON_LITERAL_NULL_CONVERSION = YES;
				CLANG_WARN_OBJC_IMPLICIT_RETAIN_SELF = YES;
				CLANG_WARN_OBJC_LITERAL_CONVERSION = YES;
				CLANG_WARN_OBJC_ROOT_CLASS = YES_ERROR;
				CLANG_WARN_QUOTED_INCLUDE_IN_FRAMEWORK_HEADER = YES;
				CLANG_WARN_RANGE_LOOP_ANALYSIS = YES;
				CLANG_WARN_STRICT_PROTOTYPES = YES;
				CLANG_WARN_SUSPICIOUS_MOVE = YES;
				CLANG_WARN_UNGUARDED_AVAILABILITY = YES_AGGRESSIVE;
				CLANG_WARN_UNREACHABLE_CODE = YES;
				CLANG_WARN__DUPLICATE_METHOD_MATCH = YES;
				COPY_PHASE_STRIP = NO;
				DEBUG_INFORMATION_FORMAT = "dwarf-with-dsym";
				ENABLE_NS_ASSERTIONS = NO;
				ENABLE_STRICT_OBJC_MSGSEND = YES;
				ENABLE_USER_SCRIPT_SANDBOXING = YES;
				GCC_C_LANGUAGE_STANDARD = gnu17;
				GCC_NO_COMMON_BLOCKS = YES;
				GCC_WARN_64_TO_32_BIT_CONVERSION = YES;
				GCC_WARN_ABOUT_RETURN_TYPE = YES_ERROR;
				GCC_WARN_UNDECLARED_SELECTOR = YES;
				GCC_WARN_UNINITIALIZED_AUTOS = YES_AGGRESSIVE;
				GCC_WARN_UNUSED_FUNCTION = YES;
				GCC_WARN_UNUSED_VARIABLE = YES;
				IPHONEOS_DEPLOYMENT_TARGET = 18.2;
				LOCALIZATION_PREFERS_STRING_CATALOGS = YES;
				MTL_ENABLE_DEBUG_INFO = NO;
				MTL_FAST_MATH = YES;
				SDKROOT = iphoneos;
				SWIFT_COMPILATION_MODE = wholemodule;
				VALIDATE_PRODUCT = YES;
			};
			name = Release;
		};
		9DB1CE102D9A49D200BBB0EB /* Debug */ = {
			isa = XCBuildConfiguration;
			buildSettings = {
				BUNDLE_LOADER = "$(TEST_HOST)";
				CODE_SIGN_STYLE = Automatic;
				CURRENT_PROJECT_VERSION = 1;
				DEVELOPMENT_TEAM = FHT7Q257ZW;
				GENERATE_INFOPLIST_FILE = YES;
				IPHONEOS_DEPLOYMENT_TARGET = 18.2;
				MARKETING_VERSION = 1.0;
				PRODUCT_BUNDLE_IDENTIFIER = com.menuView.moss.HSMenuViewTests;
				PRODUCT_NAME = "$(TARGET_NAME)";
				SWIFT_EMIT_LOC_STRINGS = NO;
				SWIFT_VERSION = 5.0;
				TARGETED_DEVICE_FAMILY = "1,2";
				TEST_HOST = "$(BUILT_PRODUCTS_DIR)/HSMenuView.app/$(BUNDLE_EXECUTABLE_FOLDER_PATH)/HSMenuView";
			};
			name = Debug;
		};
		9DB1CE112D9A49D200BBB0EB /* Release */ = {
			isa = XCBuildConfiguration;
			buildSettings = {
				BUNDLE_LOADER = "$(TEST_HOST)";
				CODE_SIGN_STYLE = Automatic;
				CURRENT_PROJECT_VERSION = 1;
				DEVELOPMENT_TEAM = FHT7Q257ZW;
				GENERATE_INFOPLIST_FILE = YES;
				IPHONEOS_DEPLOYMENT_TARGET = 18.2;
				MARKETING_VERSION = 1.0;
				PRODUCT_BUNDLE_IDENTIFIER = com.menuView.moss.HSMenuViewTests;
				PRODUCT_NAME = "$(TARGET_NAME)";
				SWIFT_EMIT_LOC_STRINGS = NO;
				SWIFT_VERSION = 5.0;
				TARGETED_DEVICE_FAMILY = "1,2";
				TEST_HOST = "$(BUILT_PRODUCTS_DIR)/HSMenuView.app/$(BUNDLE_EXECUTABLE_FOLDER_PATH)/HSMenuView";
			};
			name = Release;
		};
		9DB1CE132D9A49D200BBB0EB /* Debug */ = {
			isa = XCBuildConfiguration;
			buildSettings = {
				CODE_SIGN_STYLE = Automatic;
				CURRENT_PROJECT_VERSION = 1;
				DEVELOPMENT_TEAM = FHT7Q257ZW;
				GENERATE_INFOPLIST_FILE = YES;
				MARKETING_VERSION = 1.0;
				PRODUCT_BUNDLE_IDENTIFIER = com.menuView.moss.HSMenuViewUITests;
				PRODUCT_NAME = "$(TARGET_NAME)";
				SWIFT_EMIT_LOC_STRINGS = NO;
				SWIFT_VERSION = 5.0;
				TARGETED_DEVICE_FAMILY = "1,2";
				TEST_TARGET_NAME = HSMenuView;
			};
			name = Debug;
		};
		9DB1CE142D9A49D200BBB0EB /* Release */ = {
			isa = XCBuildConfiguration;
			buildSettings = {
				CODE_SIGN_STYLE = Automatic;
				CURRENT_PROJECT_VERSION = 1;
				DEVELOPMENT_TEAM = FHT7Q257ZW;
				GENERATE_INFOPLIST_FILE = YES;
				MARKETING_VERSION = 1.0;
				PRODUCT_BUNDLE_IDENTIFIER = com.menuView.moss.HSMenuViewUITests;
				PRODUCT_NAME = "$(TARGET_NAME)";
				SWIFT_EMIT_LOC_STRINGS = NO;
				SWIFT_VERSION = 5.0;
				TARGETED_DEVICE_FAMILY = "1,2";
				TEST_TARGET_NAME = HSMenuView;
			};
			name = Release;
		};
/* End XCBuildConfiguration section */

/* Begin XCConfigurationList section */
		9DB1CDDC2D9A49CF00BBB0EB /* Build configuration list for PBXProject "HSMenuView" */ = {
			isa = XCConfigurationList;
			buildConfigurations = (
				9DB1CE0D2D9A49D200BBB0EB /* Debug */,
				9DB1CE0E2D9A49D200BBB0EB /* Release */,
			);
			defaultConfigurationIsVisible = 0;
			defaultConfigurationName = Release;
		};
		9DB1CE0A2D9A49D200BBB0EB /* Build configuration list for PBXNativeTarget "HSMenuView" */ = {
			isa = XCConfigurationList;
			buildConfigurations = (
				9DB1CE0B2D9A49D200BBB0EB /* Debug */,
				9DB1CE0C2D9A49D200BBB0EB /* Release */,
			);
			defaultConfigurationIsVisible = 0;
			defaultConfigurationName = Release;
		};
		9DB1CE0F2D9A49D200BBB0EB /* Build configuration list for PBXNativeTarget "HSMenuViewTests" */ = {
			isa = XCConfigurationList;
			buildConfigurations = (
				9DB1CE102D9A49D200BBB0EB /* Debug */,
				9DB1CE112D9A49D200BBB0EB /* Release */,
			);
			defaultConfigurationIsVisible = 0;
			defaultConfigurationName = Release;
		};
		9DB1CE122D9A49D200BBB0EB /* Build configuration list for PBXNativeTarget "HSMenuViewUITests" */ = {
			isa = XCConfigurationList;
			buildConfigurations = (
				9DB1CE132D9A49D200BBB0EB /* Debug */,
				9DB1CE142D9A49D200BBB0EB /* Release */,
			);
			defaultConfigurationIsVisible = 0;
			defaultConfigurationName = Release;
		};
/* End XCConfigurationList section */
	};
	rootObject = 9DB1CDD92D9A49CF00BBB0EB /* Project object */;
}
